{
  "name": "pigeonsms-echo-bot",
  "version": "2.0.0",
  "lockfileVersion": 3,
  "requires": true,
  "packages": {
    "": {
      "name": "pigeonsms-echo-bot",
      "version": "2.0.0",
      "license": "MIT",
      "dependencies": {
        "pigeonsms.js": "file:../../packages/pigeonsms.js"
      },
      "engines": {
        "node": ">=20"
      }
    },
    "../../packages/pigeonsms.js": {
      "version": "0.1.0",
      "license": "MIT",
      "engines": {
        "node": ">=20"
      }
    },
    "node_modules/pigeonsms.js": {
      "resolved": "../../packages/pigeonsms.js",
      "link": true
    }
  }
}
